// !$*UTF8*$!
{
	archiveVersion = 1;
	classes = {
	};
	objectVersion = 56;
	objects = {

/* Begin PBXBuildFile section */
		30245C0D2AA2FC4C0013B389 /* BatataSDK.docc in Sources */ = {isa = PBXBuildFile; fileRef = 30245C0C2AA2FC4C0013B389 /* BatataSDK.docc */; };
		30245C132AA2FC4C0013B389 /* BatataSDK.framework in Frameworks */ = {isa = PBXBuildFile; fileRef = 30245C082AA2FC4C0013B389 /* BatataSDK.framework */; };
		30245C182AA2FC4C0013B389 /* BatataSDKTests.swift in Sources */ = {isa = PBXBuildFile; fileRef = 30245C172AA2FC4C0013B389 /* BatataSDKTests.swift */; };
		30245C192AA2FC4C0013B389 /* BatataSDK.h in Headers */ = {isa = PBXBuildFile; fileRef = 30245C0B2AA2FC4C0013B389 /* BatataSDK.h */; settings = {ATTRIBUTES = (Public, ); }; };
/* End PBXBuildFile section */

/* Begin PBXContainerItemProxy section */
		30245C142AA2FC4C0013B389 /* PBXContainerItemProxy */ = {
			isa = PBXContainerItemProxy;
			containerPortal = 30245BFF2AA2FC4C0013B389 /* Project object */;
			proxyType = 1;
			remoteGlobalIDString = 30245C072AA2FC4C0013B389;
			remoteInfo = BatataSDK;
		};
/* End PBXContainerItemProxy section */

/* Begin PBXFileReference section */
		30245C082AA2FC4C0013B389 /* BatataSDK.framework */ = {isa = PBXFileReference; explicitFileType = wrapper.framework; includeInIndex = 0; path = BatataSDK.framework; sourceTree = BUILT_PRODUCTS_DIR; };
		30245C0B2AA2FC4C0013B389 /* BatataSDK.h */ = {isa = PBXFileReference; lastKnownFileType = sourcecode.c.h; path = BatataSDK.h; sourceTree = "<group>"; };
		30245C0C2AA2FC4C0013B389 /* BatataSDK.docc */ = {isa = PBXFileReference; lastKnownFileType = folder.documentationcatalog; path = BatataSDK.docc; sourceTree = "<group>"; };
		30245C122AA2FC4C0013B389 /* BatataSDKTests.xctest */ = {isa = PBXFileReference; explicitFileType = wrapper.cfbundle; includeInIndex = 0; path = BatataSDKTests.xctest; sourceTree = BUILT_PRODUCTS_DIR; };
		30245C172AA2FC4C0013B389 /* BatataSDKTests.swift */ = {isa = PBXFileReference; lastKnownFileType = sourcecode.swift; path = BatataSDKTests.swift; sourceTree = "<group>"; };
/* End PBXFileReference section */

/* Begin PBXFrameworksBuildPhase section */
		30245C052AA2FC4C0013B389 /* Frameworks */ = {
			isa = PBXFrameworksBuildPhase;
			buildActionMask = 2147483647;
			files = (
			);
			runOnlyForDeploymentPostprocessing = 0;
		};
		30245C0F2AA2FC4C0013B389 /* Frameworks */ = {
			isa = PBXFrameworksBuildPhase;
			buildActionMask = 2147483647;
			files = (
				30245C132AA2FC4C0013B389 /* BatataSDK.framework in Frameworks */,
			);
			runOnlyForDeploymentPostprocessing = 0;
		};
/* End PBXFrameworksBuildPhase section */

/* Begin PBXGroup section */
		30245BFE2AA2FC4C0013B389 = {
			isa = PBXGroup;
			children = (
				30245C0A2AA2FC4C0013B389 /* BatataSDK */,
				30245C162AA2FC4C0013B389 /* BatataSDKTests */,
				30245C092AA2FC4C0013B389 /* Products */,
			);
			sourceTree = "<group>";
		};
		30245C092AA2FC4C0013B389 /* Products */ = {
			isa = PBXGroup;
			children = (
				30245C082AA2FC4C0013B389 /* BatataSDK.framework */,
				30245C122AA2FC4C0013B389 /* BatataSDKTests.xctest */,
			);
			name = Products;
			sourceTree = "<group>";
		};
		30245C0A2AA2FC4C0013B389 /* BatataSDK */ = {
			isa = PBXGroup;
			children = (
				30245C0B2AA2FC4C0013B389 /* BatataSDK.h */,
				30245C0C2AA2FC4C0013B389 /* BatataSDK.docc */,
			);
			path = BatataSDK;
			sourceTree = "<group>";
		};
		30245C162AA2FC4C0013B389 /* BatataSDKTests */ = {
			isa = PBXGroup;
			children = (
				30245C172AA2FC4C0013B389 /* BatataSDKTests.swift */,
			);
			path = BatataSDKTests;
			sourceTree = "<group>";
		};
/* End PBXGroup section */

/* Begin PBXHeadersBuildPhase section */
		30245C032AA2FC4C0013B389 /* Headers */ = {
			isa = PBXHeadersBuildPhase;
			buildActionMask = 2147483647;
			files = (
				30245C192AA2FC4C0013B389 /* BatataSDK.h in Headers */,
			);
			runOnlyForDeploymentPostprocessing = 0;
		};
/* End PBXHeadersBuildPhase section */

/* Begin PBXNativeTarget section */
		30245C072AA2FC4C0013B389 /* BatataSDK */ = {
			isa = PBXNativeTarget;
			buildConfigurationList = 30245C1C2AA2FC4C0013B389 /* Build configuration list for PBXNativeTarget "BatataSDK" */;
			buildPhases = (
				30245C032AA2FC4C0013B389 /* Headers */,
				30245C042AA2FC4C0013B389 /* Sources */,
				30245C052AA2FC4C0013B389 /* Frameworks */,
				30245C062AA2FC4C0013B389 /* Resources */,
			);
			buildRules = (
			);
			dependencies = (
			);
			name = BatataSDK;
			productName = BatataSDK;
			productReference = 30245C082AA2FC4C0013B389 /* BatataSDK.framework */;
			productType = "com.apple.product-type.framework";
		};
		30245C112AA2FC4C0013B389 /* BatataSDKTests */ = {
			isa = PBXNativeTarget;
			buildConfigurationList = 30245C1F2AA2FC4C0013B389 /* Build configuration list for PBXNativeTarget "BatataSDKTests" */;
			buildPhases = (
				30245C0E2AA2FC4C0013B389 /* Sources */,
				30245C0F2AA2FC4C0013B389 /* Frameworks */,
				30245C102AA2FC4C0013B389 /* Resources */,
			);
			buildRules = (
			);
			dependencies = (
				30245C152AA2FC4C0013B389 /* PBXTargetDependency */,
			);
			name = BatataSDKTests;
			productName = BatataSDKTests;
			productReference = 30245C122AA2FC4C0013B389 /* BatataSDKTests.xctest */;
			productType = "com.apple.product-type.bundle.unit-test";
		};
/* End PBXNativeTarget section */

/* Begin PBXProject section */
		30245BFF2AA2FC4C0013B389 /* Project object */ = {
			isa = PBXProject;
			attributes = {
				BuildIndependentTargetsInParallel = 1;
				LastSwiftUpdateCheck = 1430;
				LastUpgradeCheck = 1430;
				TargetAttributes = {
					30245C072AA2FC4C0013B389 = {
						CreatedOnToolsVersion = 14.3;
					};
					30245C112AA2FC4C0013B389 = {
						CreatedOnToolsVersion = 14.3;
					};
				};
			};
			buildConfigurationList = 30245C022AA2FC4C0013B389 /* Build configuration list for PBXProject "BatataSDK" */;
			compatibilityVersion = "Xcode 14.0";
			developmentRegion = en;
			hasScannedForEncodings = 0;
			knownRegions = (
				en,
				Base,
			);
			mainGroup = 30245BFE2AA2FC4C0013B389;
			productRefGroup = 30245C092AA2FC4C0013B389 /* Products */;
			projectDirPath = "";
			projectRoot = "";
			targets = (
				30245C072AA2FC4C0013B389 /* BatataSDK */,
				30245C112AA2FC4C0013B389 /* BatataSDKTests */,
			);
		};
/* End PBXProject section */

/* Begin PBXResourcesBuildPhase section */
		30245C062AA2FC4C0013B389 /* Resources */ = {
			isa = PBXResourcesBuildPhase;
			buildActionMask = 2147483647;
			files = (
			);
			runOnlyForDeploymentPostprocessing = 0;
		};
		30245C102AA2FC4C0013B389 /* Resources */ = {
			isa = PBXResourcesBuildPhase;
			buildActionMask = 2147483647;
			files = (
			);
			runOnlyForDeploymentPostprocessing = 0;
		};
/* End PBXResourcesBuildPhase section */

/* Begin PBXSourcesBuildPhase section */
		30245C042AA2FC4C0013B389 /* Sources */ = {
			isa = PBXSourcesBuildPhase;
			buildActionMask = 2147483647;
			files = (
				30245C0D2AA2FC4C0013B389 /* BatataSDK.docc in Sources */,
			);
			runOnlyForDeploymentPostprocessing = 0;
		};
		30245C0E2AA2FC4C0013B389 /* Sources */ = {
			isa = PBXSourcesBuildPhase;
			buildActionMask = 2147483647;
			files = (
				30245C182AA2FC4C0013B389 /* BatataSDKTests.swift in Sources */,
			);
			runOnlyForDeploymentPostprocessing = 0;
		};
/* End PBXSourcesBuildPhase section */

/* Begin PBXTargetDependency section */
		30245C152AA2FC4C0013B389 /* PBXTargetDependency */ = {
			isa = PBXTargetDependency;
			target = 30245C072AA2FC4C0013B389 /* BatataSDK */;
			targetProxy = 30245C142AA2FC4C0013B389 /* PBXContainerItemProxy */;
		};
/* End PBXTargetDependency section */

/* Begin XCBuildConfiguration section */
		30245C1A2AA2FC4C0013B389 /* Debug */ = {
			isa = XCBuildConfiguration;
			buildSettings = {
				ALWAYS_SEARCH_USER_PATHS = NO;
				CLANG_ANALYZER_NONNULL = YES;
				CLANG_ANALYZER_NUMBER_OBJECT_CONVERSION = YES_AGGRESSIVE;
				CLANG_CXX_LANGUAGE_STANDARD = "gnu++20";
				CLANG_ENABLE_MODULES = YES;
				CLANG_ENABLE_OBJC_ARC = YES;
				CLANG_ENABLE_OBJC_WEAK = YES;
				CLANG_WARN_BLOCK_CAPTURE_AUTORELEASING = YES;
				CLANG_WARN_BOOL_CONVERSION = YES;
				CLANG_WARN_COMMA = YES;
				CLANG_WARN_CONSTANT_CONVERSION = YES;
				CLANG_WARN_DEPRECATED_OBJC_IMPLEMENTATIONS = YES;
				CLANG_WARN_DIRECT_OBJC_ISA_USAGE = YES_ERROR;
				CLANG_WARN_DOCUMENTATION_COMMENTS = YES;
				CLANG_WARN_EMPTY_BODY = YES;
				CLANG_WARN_ENUM_CONVERSION = YES;
				CLANG_WARN_INFINITE_RECURSION = YES;
				CLANG_WARN_INT_CONVERSION = YES;
				CLANG_WARN_NON_LITERAL_NULL_CONVERSION = YES;
				CLANG_WARN_OBJC_IMPLICIT_RETAIN_SELF = YES;
				CLANG_WARN_OBJC_LITERAL_CONVERSION = YES;
				CLANG_WARN_OBJC_ROOT_CLASS = YES_ERROR;
				CLANG_WARN_QUOTED_INCLUDE_IN_FRAMEWORK_HEADER = YES;
				CLANG_WARN_RANGE_LOOP_ANALYSIS = YES;
				CLANG_WARN_STRICT_PROTOTYPES = YES;
				CLANG_WARN_SUSPICIOUS_MOVE = YES;
				CLANG_WARN_UNGUARDED_AVAILABILITY = YES_AGGRESSIVE;
				CLANG_WARN_UNREACHABLE_CODE = YES;
				CLANG_WARN__DUPLICATE_METHOD_MATCH = YES;
				COPY_PHASE_STRIP = NO;
				CURRENT_PROJECT_VERSION = 1;
				DEBUG_INFORMATION_FORMAT = dwarf;
				ENABLE_STRICT_OBJC_MSGSEND = YES;
				ENABLE_TESTABILITY = YES;
				GCC_C_LANGUAGE_STANDARD = gnu11;
				GCC_DYNAMIC_NO_PIC = NO;
				GCC_NO_COMMON_BLOCKS = YES;
				GCC_OPTIMIZATION_LEVEL = 0;
				GCC_PREPROCESSOR_DEFINITIONS = (
					"DEBUG=1",
					"$(inherited)",
				);
				GCC_WARN_64_TO_32_BIT_CONVERSION = YES;
				GCC_WARN_ABOUT_RETURN_TYPE = YES_ERROR;
				GCC_WARN_UNDECLARED_SELECTOR = YES;
				GCC_WARN_UNINITIALIZED_AUTOS = YES_AGGRESSIVE;
				GCC_WARN_UNUSED_FUNCTION = YES;
				GCC_WARN_UNUSED_VARIABLE = YES;
				IPHONEOS_DEPLOYMENT_TARGET = 16.4;
				MTL_ENABLE_DEBUG_INFO = INCLUDE_SOURCE;
				MTL_FAST_MATH = YES;
				ONLY_ACTIVE_ARCH = YES;
				SDKROOT = iphoneos;
				SWIFT_ACTIVE_COMPILATION_CONDITIONS = DEBUG;
				SWIFT_OPTIMIZATION_LEVEL = "-Onone";
				VERSIONING_SYSTEM = "apple-generic";
				VERSION_INFO_PREFIX = "";
			};
			name = Debug;
		};
		30245C1B2AA2FC4C0013B389 /* Release */ = {
			isa = XCBuildConfiguration;
			buildSettings = {
				ALWAYS_SEARCH_USER_PATHS = NO;
				CLANG_ANALYZER_NONNULL = YES;
				CLANG_ANALYZER_NUMBER_OBJECT_CONVERSION = YES_AGGRESSIVE;
				CLANG_CXX_LANGUAGE_STANDARD = "gnu++20";
				CLANG_ENABLE_MODULES = YES;
				CLANG_ENABLE_OBJC_ARC = YES;
				CLANG_ENABLE_OBJC_WEAK = YES;
				CLANG_WARN_BLOCK_CAPTURE_AUTORELEASING = YES;
				CLANG_WARN_BOOL_CONVERSION = YES;
				CLANG_WARN_COMMA = YES;
				CLANG_WARN_CONSTANT_CONVERSION = YES;
				CLANG_WARN_DEPRECATED_OBJC_IMPLEMENTATIONS = YES;
				CLANG_WARN_DIRECT_OBJC_ISA_USAGE = YES_ERROR;
				CLANG_WARN_DOCUMENTATION_COMMENTS = YES;
				CLANG_WARN_EMPTY_BODY = YES;
				CLANG_WARN_ENUM_CONVERSION = YES;
				CLANG_WARN_INFINITE_RECURSION = YES;
				CLANG_WARN_INT_CONVERSION = YES;
				CLANG_WARN_NON_LITERAL_NULL_CONVERSION = YES;
				CLANG_WARN_OBJC_IMPLICIT_RETAIN_SELF = YES;
				CLANG_WARN_OBJC_LITERAL_CONVERSION = YES;
				CLANG_WARN_OBJC_ROOT_CLASS = YES_ERROR;
				CLANG_WARN_QUOTED_INCLUDE_IN_FRAMEWORK_HEADER = YES;
				CLANG_WARN_RANGE_LOOP_ANALYSIS = YES;
				CLANG_WARN_STRICT_PROTOTYPES = YES;
				CLANG_WARN_SUSPICIOUS_MOVE = YES;
				CLANG_WARN_UNGUARDED_AVAILABILITY = YES_AGGRESSIVE;
				CLANG_WARN_UNREACHABLE_CODE = YES;
				CLANG_WARN__DUPLICATE_METHOD_MATCH = YES;
				COPY_PHASE_STRIP = NO;
				CURRENT_PROJECT_VERSION = 1;
				DEBUG_INFORMATION_FORMAT = "dwarf-with-dsym";
				ENABLE_NS_ASSERTIONS = NO;
				ENABLE_STRICT_OBJC_MSGSEND = YES;
				GCC_C_LANGUAGE_STANDARD = gnu11;
				GCC_NO_COMMON_BLOCKS = YES;
				GCC_WARN_64_TO_32_BIT_CONVERSION = YES;
				GCC_WARN_ABOUT_RETURN_TYPE = YES_ERROR;
				GCC_WARN_UNDECLARED_SELECTOR = YES;
				GCC_WARN_UNINITIALIZED_AUTOS = YES_AGGRESSIVE;
				GCC_WARN_UNUSED_FUNCTION = YES;
				GCC_WARN_UNUSED_VARIABLE = YES;
				IPHONEOS_DEPLOYMENT_TARGET = 16.4;
				MTL_ENABLE_DEBUG_INFO = NO;
				MTL_FAST_MATH = YES;
				SDKROOT = iphoneos;
				SWIFT_COMPILATION_MODE = wholemodule;
				SWIFT_OPTIMIZATION_LEVEL = "-O";
				VALIDATE_PRODUCT = YES;
				VERSIONING_SYSTEM = "apple-generic";
				VERSION_INFO_PREFIX = "";
			};
			name = Release;
		};
		30245C1D2AA2FC4C0013B389 /* Debug */ = {
			isa = XCBuildConfiguration;
			buildSettings = {
				CODE_SIGN_STYLE = Automatic;
				CURRENT_PROJECT_VERSION = 1;
				DEFINES_MODULE = YES;
				DEVELOPMENT_TEAM = X98529GHL3;
				DYLIB_COMPATIBILITY_VERSION = 1;
				DYLIB_CURRENT_VERSION = 1;
				DYLIB_INSTALL_NAME_BASE = "@rpath";
				ENABLE_MODULE_VERIFIER = YES;
				GENERATE_INFOPLIST_FILE = YES;
				INFOPLIST_KEY_NSHumanReadableCopyright = "";
				INSTALL_PATH = "$(LOCAL_LIBRARY_DIR)/Frameworks";
				LD_RUNPATH_SEARCH_PATHS = (
					"$(inherited)",
					"@executable_path/Frameworks",
					"@loader_path/Frameworks",
				);
				MARKETING_VERSION = 1.0;
				MODULE_VERIFIER_SUPPORTED_LANGUAGES = "objective-c objective-c++";
				MODULE_VERIFIER_SUPPORTED_LANGUAGE_STANDARDS = "gnu11 gnu++20";
				PRODUCT_BUNDLE_IDENTIFIER = montanha.BatataSDK;
				PRODUCT_NAME = "$(TARGET_NAME:c99extidentifier)";
				SKIP_INSTALL = YES;
				SWIFT_EMIT_LOC_STRINGS = YES;
				SWIFT_VERSION = 5.0;
				TARGETED_DEVICE_FAMILY = "1,2";
			};
			name = Debug;
		};
		30245C1E2AA2FC4C0013B389 /* Release */ = {
			isa = XCBuildConfiguration;
			buildSettings = {
				CODE_SIGN_STYLE = Automatic;
				CURRENT_PROJECT_VERSION = 1;
				DEFINES_MODULE = YES;
				DEVELOPMENT_TEAM = X98529GHL3;
				DYLIB_COMPATIBILITY_VERSION = 1;
				DYLIB_CURRENT_VERSION = 1;
				DYLIB_INSTALL_NAME_BASE = "@rpath";
				ENABLE_MODULE_VERIFIER = YES;
				GENERATE_INFOPLIST_FILE = YES;
				INFOPLIST_KEY_NSHumanReadableCopyright = "";
				INSTALL_PATH = "$(LOCAL_LIBRARY_DIR)/Frameworks";
				LD_RUNPATH_SEARCH_PATHS = (
					"$(inherited)",
					"@executable_path/Frameworks",
					"@loader_path/Frameworks",
				);
				MARKETING_VERSION = 1.0;
				MODULE_VERIFIER_SUPPORTED_LANGUAGES = "objective-c objective-c++";
				MODULE_VERIFIER_SUPPORTED_LANGUAGE_STANDARDS = "gnu11 gnu++20";
				PRODUCT_BUNDLE_IDENTIFIER = montanha.BatataSDK;
				PRODUCT_NAME = "$(TARGET_NAME:c99extidentifier)";
				SKIP_INSTALL = YES;
				SWIFT_EMIT_LOC_STRINGS = YES;
				SWIFT_VERSION = 5.0;
				TARGETED_DEVICE_FAMILY = "1,2";
			};
			name = Release;
		};
		30245C202AA2FC4C0013B389 /* Debug */ = {
			isa = XCBuildConfiguration;
			buildSettings = {
				CODE_SIGN_STYLE = Automatic;
				CURRENT_PROJECT_VERSION = 1;
				DEVELOPMENT_TEAM = X98529GHL3;
				GENERATE_INFOPLIST_FILE = YES;
				MARKETING_VERSION = 1.0;
				PRODUCT_BUNDLE_IDENTIFIER = montanha.BatataSDKTests;
				PRODUCT_NAME = "$(TARGET_NAME)";
				SWIFT_EMIT_LOC_STRINGS = NO;
				SWIFT_VERSION = 5.0;
				TARGETED_DEVICE_FAMILY = "1,2";
			};
			name = Debug;
		};
		30245C212AA2FC4C0013B389 /* Release */ = {
			isa = XCBuildConfiguration;
			buildSettings = {
				CODE_SIGN_STYLE = Automatic;
				CURRENT_PROJECT_VERSION = 1;
				DEVELOPMENT_TEAM = X98529GHL3;
				GENERATE_INFOPLIST_FILE = YES;
				MARKETING_VERSION = 1.0;
				PRODUCT_BUNDLE_IDENTIFIER = montanha.BatataSDKTests;
				PRODUCT_NAME = "$(TARGET_NAME)";
				SWIFT_EMIT_LOC_STRINGS = NO;
				SWIFT_VERSION = 5.0;
				TARGETED_DEVICE_FAMILY = "1,2";
			};
			name = Release;
		};
/* End XCBuildConfiguration section */

/* Begin XCConfigurationList section */
		30245C022AA2FC4C0013B389 /* Build configuration list for PBXProject "BatataSDK" */ = {
			isa = XCConfigurationList;
			buildConfigurations = (
				30245C1A2AA2FC4C0013B389 /* Debug */,
				30245C1B2AA2FC4C0013B389 /* Release */,
			);
			defaultConfigurationIsVisible = 0;
			defaultConfigurationName = Release;
		};
		30245C1C2AA2FC4C0013B389 /* Build configuration list for PBXNativeTarget "BatataSDK" */ = {
			isa = XCConfigurationList;
			buildConfigurations = (
				30245C1D2AA2FC4C0013B389 /* Debug */,
				30245C1E2AA2FC4C0013B389 /* Release */,
			);
			defaultConfigurationIsVisible = 0;
			defaultConfigurationName = Release;
		};
		30245C1F2AA2FC4C0013B389 /* Build configuration list for PBXNativeTarget "BatataSDKTests" */ = {
			isa = XCConfigurationList;
			buildConfigurations = (
				30245C202AA2FC4C0013B389 /* Debug */,
				30245C212AA2FC4C0013B389 /* Release */,
			);
			defaultConfigurationIsVisible = 0;
			defaultConfigurationName = Release;
		};
/* End XCConfigurationList section */
	};
	rootObject = 30245BFF2AA2FC4C0013B389 /* Project object */;
}
